
Microsoft Visual Studio Solution File, Format Version 12.00
# Visual Studio Version 17
VisualStudioVersion = 17.13.35931.197
MinimumVisualStudioVersion = 10.0.40219.1
Project("{FAE04EC0-301F-11D3-BF4B-00C04F79EFBC}") = "WNP-A02-V1", "WNP-A02-V1\WNP-A02-V1.csproj", "{F1E422B2-74C0-4914-AF86-DA557DABE246}"
EndProject
Project("{FAE04EC0-301F-11D3-BF4B-00C04F79EFBC}") = "WDFClient", "WDFClient\WDFClient.csproj", "{DDA3E421-70D6-40C0-8881-CB0CE8131817}"
EndProject
Global
	GlobalSection(SolutionConfigurationPlatforms) = preSolution
		Debug|Any CPU = Debug|Any CPU
		Release|Any CPU = Release|Any CPU
	EndGlobalSection
	GlobalSection(ProjectConfigurationPlatforms) = postSolution
		{F1E422B2-74C0-4914-AF86-DA557DABE246}.Debug|Any CPU.ActiveCfg = Debug|Any CPU
		{F1E422B2-74C0-4914-AF86-DA557DABE246}.Debug|Any CPU.Build.0 = Debug|Any CPU
		{F1E422B2-74C0-4914-AF86-DA557DABE246}.Release|Any CPU.ActiveCfg = Release|Any CPU
		{F1E422B2-74C0-4914-AF86-DA557DABE246}.Release|Any CPU.Build.0 = Release|Any CPU
		{DDA3E421-70D6-40C0-8881-CB0CE8131817}.Debug|Any CPU.ActiveCfg = Debug|Any CPU
		{DDA3E421-70D6-40C0-8881-CB0CE8131817}.Debug|Any CPU.Build.0 = Debug|Any CPU
		{DDA3E421-70D6-40C0-8881-CB0CE8131817}.Release|Any CPU.ActiveCfg = Release|Any CPU
		{DDA3E421-70D6-40C0-8881-CB0CE8131817}.Release|Any CPU.Build.0 = Release|Any CPU
	EndGlobalSection
	GlobalSection(SolutionProperties) = preSolution
		HideSolutionNode = FALSE
	EndGlobalSection
	GlobalSection(ExtensibilityGlobals) = postSolution
		SolutionGuid = {53569689-3706-4B55-B54B-9CBE8CA35C2A}
	EndGlobalSection
EndGlobal
